// !$*UTF8*$!
{
	archiveVersion = 1;
	classes = {
	};
	objectVersion = 56;
	objects = {

/* Begin PBXBuildFile section */
		D21BE0172C2EFC2C0046F281 /* CustomNavigationBar.swift in Sources */ = {isa = PBXBuildFile; fileRef = D21BE0162C2EFC2C0046F281 /* CustomNavigationBar.swift */; };
		D21BE0192C2EFC460046F281 /* NavigationBtnType.swift in Sources */ = {isa = PBXBuildFile; fileRef = D21BE0182C2EFC460046F281 /* NavigationBtnType.swift */; };
		D2517FBC2C2D33070056684F /* Date+Extension.swift in Sources */ = {isa = PBXBuildFile; fileRef = D2517FBB2C2D33070056684F /* Date+Extension.swift */; };
		D2517FC52C2D36E40056684F /* Todo.swift in Sources */ = {isa = PBXBuildFile; fileRef = D2517FC42C2D36E40056684F /* Todo.swift */; };
		D2517FC92C2D379B0056684F /* TodoListView.swift in Sources */ = {isa = PBXBuildFile; fileRef = D2517FC82C2D379B0056684F /* TodoListView.swift */; };
		D2517FCB2C2D37A90056684F /* TodoListViewModel.swift in Sources */ = {isa = PBXBuildFile; fileRef = D2517FCA2C2D37A90056684F /* TodoListViewModel.swift */; };
		D2517FCD2C2D40860056684F /* TodoVIewModel.swift in Sources */ = {isa = PBXBuildFile; fileRef = D2517FCC2C2D40860056684F /* TodoVIewModel.swift */; };
		D255489C2C2C7A450016A7C0 /* HiLobaNoteApp.swift in Sources */ = {isa = PBXBuildFile; fileRef = D255489B2C2C7A450016A7C0 /* HiLobaNoteApp.swift */; };
		D255489E2C2C7A450016A7C0 /* OnboardingView.swift in Sources */ = {isa = PBXBuildFile; fileRef = D255489D2C2C7A450016A7C0 /* OnboardingView.swift */; };
		D25548A42C2C7A470016A7C0 /* Preview Assets.xcassets in Resources */ = {isa = PBXBuildFile; fileRef = D25548A32C2C7A470016A7C0 /* Preview Assets.xcassets */; };
		D25548AB2C2C7A590016A7C0 /* Assets.xcassets in Resources */ = {isa = PBXBuildFile; fileRef = D25548AA2C2C7A590016A7C0 /* Assets.xcassets */; };
		D2BDFC1B2C2C7B8E00384DFB /* Color+Extension.swift in Sources */ = {isa = PBXBuildFile; fileRef = D2BDFC1A2C2C7B8E00384DFB /* Color+Extension.swift */; };
		D2BDFC1E2C2C7D0A00384DFB /* OnboardingContent.swift in Sources */ = {isa = PBXBuildFile; fileRef = D2BDFC1D2C2C7D0A00384DFB /* OnboardingContent.swift */; };
		D2BDFC202C2C7E4D00384DFB /* OnboardingViewModel.swift in Sources */ = {isa = PBXBuildFile; fileRef = D2BDFC1F2C2C7E4D00384DFB /* OnboardingViewModel.swift */; };
		D2BDFC232C2C89B400384DFB /* Path.swift in Sources */ = {isa = PBXBuildFile; fileRef = D2BDFC222C2C89B400384DFB /* Path.swift */; };
		D2BDFC252C2C89DA00384DFB /* PathModel.swift in Sources */ = {isa = PBXBuildFile; fileRef = D2BDFC242C2C89DA00384DFB /* PathModel.swift */; };
		D2BDFC272C2C8ADE00384DFB /* HomeView.swift in Sources */ = {isa = PBXBuildFile; fileRef = D2BDFC262C2C8ADE00384DFB /* HomeView.swift */; };
		D2BDFC2A2C2C8AF100384DFB /* MemoView.swift in Sources */ = {isa = PBXBuildFile; fileRef = D2BDFC292C2C8AF100384DFB /* MemoView.swift */; };
		D2BDFC2D2C2C8B0A00384DFB /* TodoView.swift in Sources */ = {isa = PBXBuildFile; fileRef = D2BDFC2C2C2C8B0A00384DFB /* TodoView.swift */; };
/* End PBXBuildFile section */

/* Begin PBXFileReference section */
		D21BE0162C2EFC2C0046F281 /* CustomNavigationBar.swift */ = {isa = PBXFileReference; lastKnownFileType = sourcecode.swift; path = CustomNavigationBar.swift; sourceTree = "<group>"; };
		D21BE0182C2EFC460046F281 /* NavigationBtnType.swift */ = {isa = PBXFileReference; lastKnownFileType = sourcecode.swift; path = NavigationBtnType.swift; sourceTree = "<group>"; };
		D2517FBB2C2D33070056684F /* Date+Extension.swift */ = {isa = PBXFileReference; lastKnownFileType = sourcecode.swift; name = "Date+Extension.swift"; path = "../../../../../../Documents/Date+Extension.swift"; sourceTree = "<group>"; };
		D2517FC42C2D36E40056684F /* Todo.swift */ = {isa = PBXFileReference; lastKnownFileType = sourcecode.swift; path = Todo.swift; sourceTree = "<group>"; };
		D2517FC82C2D379B0056684F /* TodoListView.swift */ = {isa = PBXFileReference; lastKnownFileType = sourcecode.swift; path = TodoListView.swift; sourceTree = "<group>"; };
		D2517FCA2C2D37A90056684F /* TodoListViewModel.swift */ = {isa = PBXFileReference; lastKnownFileType = sourcecode.swift; path = TodoListViewModel.swift; sourceTree = "<group>"; };
		D2517FCC2C2D40860056684F /* TodoVIewModel.swift */ = {isa = PBXFileReference; lastKnownFileType = sourcecode.swift; path = TodoVIewModel.swift; sourceTree = "<group>"; };
		D25548982C2C7A450016A7C0 /* HiLobaNote.app */ = {isa = PBXFileReference; explicitFileType = wrapper.application; includeInIndex = 0; path = HiLobaNote.app; sourceTree = BUILT_PRODUCTS_DIR; };
		D255489B2C2C7A450016A7C0 /* HiLobaNoteApp.swift */ = {isa = PBXFileReference; lastKnownFileType = sourcecode.swift; path = HiLobaNoteApp.swift; sourceTree = "<group>"; };
		D255489D2C2C7A450016A7C0 /* OnboardingView.swift */ = {isa = PBXFileReference; lastKnownFileType = sourcecode.swift; path = OnboardingView.swift; sourceTree = "<group>"; };
		D25548A12C2C7A470016A7C0 /* HiLobaNote.entitlements */ = {isa = PBXFileReference; lastKnownFileType = text.plist.entitlements; path = HiLobaNote.entitlements; sourceTree = "<group>"; };
		D25548A32C2C7A470016A7C0 /* Preview Assets.xcassets */ = {isa = PBXFileReference; lastKnownFileType = folder.assetcatalog; path = "Preview Assets.xcassets"; sourceTree = "<group>"; };
		D25548AA2C2C7A590016A7C0 /* Assets.xcassets */ = {isa = PBXFileReference; lastKnownFileType = folder.assetcatalog; name = Assets.xcassets; path = ../../../../Desktop/Assets.xcassets; sourceTree = "<group>"; };
		D2BDFC1A2C2C7B8E00384DFB /* Color+Extension.swift */ = {isa = PBXFileReference; lastKnownFileType = sourcecode.swift; path = "Color+Extension.swift"; sourceTree = "<group>"; };
		D2BDFC1D2C2C7D0A00384DFB /* OnboardingContent.swift */ = {isa = PBXFileReference; lastKnownFileType = sourcecode.swift; path = OnboardingContent.swift; sourceTree = "<group>"; };
		D2BDFC1F2C2C7E4D00384DFB /* OnboardingViewModel.swift */ = {isa = PBXFileReference; lastKnownFileType = sourcecode.swift; path = OnboardingViewModel.swift; sourceTree = "<group>"; };
		D2BDFC222C2C89B400384DFB /* Path.swift */ = {isa = PBXFileReference; lastKnownFileType = sourcecode.swift; path = Path.swift; sourceTree = "<group>"; };
		D2BDFC242C2C89DA00384DFB /* PathModel.swift */ = {isa = PBXFileReference; lastKnownFileType = sourcecode.swift; path = PathModel.swift; sourceTree = "<group>"; };
		D2BDFC262C2C8ADE00384DFB /* HomeView.swift */ = {isa = PBXFileReference; lastKnownFileType = sourcecode.swift; path = HomeView.swift; sourceTree = "<group>"; };
		D2BDFC292C2C8AF100384DFB /* MemoView.swift */ = {isa = PBXFileReference; lastKnownFileType = sourcecode.swift; path = MemoView.swift; sourceTree = "<group>"; };
		D2BDFC2C2C2C8B0A00384DFB /* TodoView.swift */ = {isa = PBXFileReference; lastKnownFileType = sourcecode.swift; path = TodoView.swift; sourceTree = "<group>"; };
/* End PBXFileReference section */

/* Begin PBXFrameworksBuildPhase section */
		D25548952C2C7A450016A7C0 /* Frameworks */ = {
			isa = PBXFrameworksBuildPhase;
			buildActionMask = 2147483647;
			files = (
			);
			runOnlyForDeploymentPostprocessing = 0;
		};
/* End PBXFrameworksBuildPhase section */

/* Begin PBXGroup section */
		D21BE0142C2EFC060046F281 /* Component */ = {
			isa = PBXGroup;
			children = (
				D21BE0152C2EFC150046F281 /* NavigationBar */,
			);
			path = Component;
			sourceTree = "<group>";
		};
		D21BE0152C2EFC150046F281 /* NavigationBar */ = {
			isa = PBXGroup;
			children = (
				D21BE0162C2EFC2C0046F281 /* CustomNavigationBar.swift */,
				D21BE0182C2EFC460046F281 /* NavigationBtnType.swift */,
			);
			path = NavigationBar;
			sourceTree = "<group>";
		};
		D2517FC32C2D36D60056684F /* Todo */ = {
			isa = PBXGroup;
			children = (
				D2517FC42C2D36E40056684F /* Todo.swift */,
			);
			path = Todo;
			sourceTree = "<group>";
		};
		D255488F2C2C7A450016A7C0 = {
			isa = PBXGroup;
			children = (
				D255489A2C2C7A450016A7C0 /* HiLobaNote */,
				D25548992C2C7A450016A7C0 /* Products */,
			);
			sourceTree = "<group>";
		};
		D25548992C2C7A450016A7C0 /* Products */ = {
			isa = PBXGroup;
			children = (
				D25548982C2C7A450016A7C0 /* HiLobaNote.app */,
			);
			name = Products;
			sourceTree = "<group>";
		};
		D255489A2C2C7A450016A7C0 /* HiLobaNote */ = {
			isa = PBXGroup;
			children = (
				D21BE0142C2EFC060046F281 /* Component */,
				D2BDFC172C2C7B2300384DFB /* Model */,
				D2BDFC142C2C7ADC00384DFB /* Feature */,
				D2BDFC122C2C7AD100384DFB /* Core */,
				D2BDFC112C2C7ACB00384DFB /* App */,
				D25548AA2C2C7A590016A7C0 /* Assets.xcassets */,
				D25548A12C2C7A470016A7C0 /* HiLobaNote.entitlements */,
				D25548A22C2C7A470016A7C0 /* Preview Content */,
			);
			path = HiLobaNote;
			sourceTree = "<group>";
		};
		D25548A22C2C7A470016A7C0 /* Preview Content */ = {
			isa = PBXGroup;
			children = (
				D25548A32C2C7A470016A7C0 /* Preview Assets.xcassets */,
			);
			path = "Preview Content";
			sourceTree = "<group>";
		};
		D2BDFC112C2C7ACB00384DFB /* App */ = {
			isa = PBXGroup;
			children = (
				D255489B2C2C7A450016A7C0 /* HiLobaNoteApp.swift */,
			);
			path = App;
			sourceTree = "<group>";
		};
		D2BDFC122C2C7AD100384DFB /* Core */ = {
			isa = PBXGroup;
			children = (
				D2BDFC162C2C7B1500384DFB /* Extension */,
			);
			path = Core;
			sourceTree = "<group>";
		};
		D2BDFC142C2C7ADC00384DFB /* Feature */ = {
			isa = PBXGroup;
			children = (
				D2BDFC2B2C2C8AFD00384DFB /* Todo */,
				D2BDFC282C2C8AE300384DFB /* Memo */,
				D2BDFC192C2C7B5100384DFB /* Home */,
				D2BDFC182C2C7B4900384DFB /* Onboarding */,
			);
			path = Feature;
			sourceTree = "<group>";
		};
		D2BDFC162C2C7B1500384DFB /* Extension */ = {
			isa = PBXGroup;
			children = (
				D2BDFC1A2C2C7B8E00384DFB /* Color+Extension.swift */,
				D2517FBB2C2D33070056684F /* Date+Extension.swift */,
			);
			path = Extension;
			sourceTree = "<group>";
		};
		D2BDFC172C2C7B2300384DFB /* Model */ = {
			isa = PBXGroup;
			children = (
				D2517FC32C2D36D60056684F /* Todo */,
				D2BDFC212C2C89AB00384DFB /* Path */,
				D2BDFC1C2C2C7CD900384DFB /* Onboarding */,
			);
			path = Model;
			sourceTree = "<group>";
		};
		D2BDFC182C2C7B4900384DFB /* Onboarding */ = {
			isa = PBXGroup;
			children = (
				D255489D2C2C7A450016A7C0 /* OnboardingView.swift */,
				D2BDFC1F2C2C7E4D00384DFB /* OnboardingViewModel.swift */,
			);
			path = Onboarding;
			sourceTree = "<group>";
		};
		D2BDFC192C2C7B5100384DFB /* Home */ = {
			isa = PBXGroup;
			children = (
				D2BDFC262C2C8ADE00384DFB /* HomeView.swift */,
			);
			path = Home;
			sourceTree = "<group>";
		};
		D2BDFC1C2C2C7CD900384DFB /* Onboarding */ = {
			isa = PBXGroup;
			children = (
				D2BDFC1D2C2C7D0A00384DFB /* OnboardingContent.swift */,
			);
			path = Onboarding;
			sourceTree = "<group>";
		};
		D2BDFC212C2C89AB00384DFB /* Path */ = {
			isa = PBXGroup;
			children = (
				D2BDFC222C2C89B400384DFB /* Path.swift */,
				D2BDFC242C2C89DA00384DFB /* PathModel.swift */,
			);
			path = Path;
			sourceTree = "<group>";
		};
		D2BDFC282C2C8AE300384DFB /* Memo */ = {
			isa = PBXGroup;
			children = (
				D2BDFC292C2C8AF100384DFB /* MemoView.swift */,
			);
			path = Memo;
			sourceTree = "<group>";
		};
		D2BDFC2B2C2C8AFD00384DFB /* Todo */ = {
			isa = PBXGroup;
			children = (
				D2BDFC2C2C2C8B0A00384DFB /* TodoView.swift */,
				D2517FC82C2D379B0056684F /* TodoListView.swift */,
				D2517FCA2C2D37A90056684F /* TodoListViewModel.swift */,
				D2517FCC2C2D40860056684F /* TodoVIewModel.swift */,
			);
			path = Todo;
			sourceTree = "<group>";
		};
/* End PBXGroup section */

/* Begin PBXNativeTarget section */
		D25548972C2C7A450016A7C0 /* HiLobaNote */ = {
			isa = PBXNativeTarget;
			buildConfigurationList = D25548A72C2C7A470016A7C0 /* Build configuration list for PBXNativeTarget "HiLobaNote" */;
			buildPhases = (
				D25548942C2C7A450016A7C0 /* Sources */,
				D25548952C2C7A450016A7C0 /* Frameworks */,
				D25548962C2C7A450016A7C0 /* Resources */,
			);
			buildRules = (
			);
			dependencies = (
			);
			name = HiLobaNote;
			productName = HiLobaNote;
			productReference = D25548982C2C7A450016A7C0 /* HiLobaNote.app */;
			productType = "com.apple.product-type.application";
		};
/* End PBXNativeTarget section */

/* Begin PBXProject section */
		D25548902C2C7A450016A7C0 /* Project object */ = {
			isa = PBXProject;
			attributes = {
				BuildIndependentTargetsInParallel = 1;
				LastSwiftUpdateCheck = 1540;
				LastUpgradeCheck = 1540;
				TargetAttributes = {
					D25548972C2C7A450016A7C0 = {
						CreatedOnToolsVersion = 15.4;
					};
				};
			};
			buildConfigurationList = D25548932C2C7A450016A7C0 /* Build configuration list for PBXProject "HiLobaNote" */;
			compatibilityVersion = "Xcode 14.0";
			developmentRegion = en;
			hasScannedForEncodings = 0;
			knownRegions = (
				en,
				Base,
			);
			mainGroup = D255488F2C2C7A450016A7C0;
			productRefGroup = D25548992C2C7A450016A7C0 /* Products */;
			projectDirPath = "";
			projectRoot = "";
			targets = (
				D25548972C2C7A450016A7C0 /* HiLobaNote */,
			);
		};
/* End PBXProject section */

/* Begin PBXResourcesBuildPhase section */
		D25548962C2C7A450016A7C0 /* Resources */ = {
			isa = PBXResourcesBuildPhase;
			buildActionMask = 2147483647;
			files = (
				D25548AB2C2C7A590016A7C0 /* Assets.xcassets in Resources */,
				D25548A42C2C7A470016A7C0 /* Preview Assets.xcassets in Resources */,
			);
			runOnlyForDeploymentPostprocessing = 0;
		};
/* End PBXResourcesBuildPhase section */

/* Begin PBXSourcesBuildPhase section */
		D25548942C2C7A450016A7C0 /* Sources */ = {
			isa = PBXSourcesBuildPhase;
			buildActionMask = 2147483647;
			files = (
				D2BDFC202C2C7E4D00384DFB /* OnboardingViewModel.swift in Sources */,
				D2517FCD2C2D40860056684F /* TodoVIewModel.swift in Sources */,
				D2517FBC2C2D33070056684F /* Date+Extension.swift in Sources */,
				D2517FCB2C2D37A90056684F /* TodoListViewModel.swift in Sources */,
				D21BE0172C2EFC2C0046F281 /* CustomNavigationBar.swift in Sources */,
				D2BDFC2A2C2C8AF100384DFB /* MemoView.swift in Sources */,
				D2BDFC2D2C2C8B0A00384DFB /* TodoView.swift in Sources */,
				D2BDFC1E2C2C7D0A00384DFB /* OnboardingContent.swift in Sources */,
				D255489E2C2C7A450016A7C0 /* OnboardingView.swift in Sources */,
				D2517FC52C2D36E40056684F /* Todo.swift in Sources */,
				D2BDFC1B2C2C7B8E00384DFB /* Color+Extension.swift in Sources */,
				D2517FC92C2D379B0056684F /* TodoListView.swift in Sources */,
				D2BDFC252C2C89DA00384DFB /* PathModel.swift in Sources */,
				D21BE0192C2EFC460046F281 /* NavigationBtnType.swift in Sources */,
				D2BDFC272C2C8ADE00384DFB /* HomeView.swift in Sources */,
				D2BDFC232C2C89B400384DFB /* Path.swift in Sources */,
				D255489C2C2C7A450016A7C0 /* HiLobaNoteApp.swift in Sources */,
			);
			runOnlyForDeploymentPostprocessing = 0;
		};
/* End PBXSourcesBuildPhase section */

/* Begin XCBuildConfiguration section */
		D25548A52C2C7A470016A7C0 /* Debug */ = {
			isa = XCBuildConfiguration;
			buildSettings = {
				ALWAYS_SEARCH_USER_PATHS = NO;
				ASSETCATALOG_COMPILER_GENERATE_SWIFT_ASSET_SYMBOL_EXTENSIONS = YES;
				CLANG_ANALYZER_NONNULL = YES;
				CLANG_ANALYZER_NUMBER_OBJECT_CONVERSION = YES_AGGRESSIVE;
				CLANG_CXX_LANGUAGE_STANDARD = "gnu++20";
				CLANG_ENABLE_MODULES = YES;
				CLANG_ENABLE_OBJC_ARC = YES;
				CLANG_ENABLE_OBJC_WEAK = YES;
				CLANG_WARN_BLOCK_CAPTURE_AUTORELEASING = YES;
				CLANG_WARN_BOOL_CONVERSION = YES;
				CLANG_WARN_COMMA = YES;
				CLANG_WARN_CONSTANT_CONVERSION = YES;
				CLANG_WARN_DEPRECATED_OBJC_IMPLEMENTATIONS = YES;
				CLANG_WARN_DIRECT_OBJC_ISA_USAGE = YES_ERROR;
				CLANG_WARN_DOCUMENTATION_COMMENTS = YES;
				CLANG_WARN_EMPTY_BODY = YES;
				CLANG_WARN_ENUM_CONVERSION = YES;
				CLANG_WARN_INFINITE_RECURSION = YES;
				CLANG_WARN_INT_CONVERSION = YES;
				CLANG_WARN_NON_LITERAL_NULL_CONVERSION = YES;
				CLANG_WARN_OBJC_IMPLICIT_RETAIN_SELF = YES;
				CLANG_WARN_OBJC_LITERAL_CONVERSION = YES;
				CLANG_WARN_OBJC_ROOT_CLASS = YES_ERROR;
				CLANG_WARN_QUOTED_INCLUDE_IN_FRAMEWORK_HEADER = YES;
				CLANG_WARN_RANGE_LOOP_ANALYSIS = YES;
				CLANG_WARN_STRICT_PROTOTYPES = YES;
				CLANG_WARN_SUSPICIOUS_MOVE = YES;
				CLANG_WARN_UNGUARDED_AVAILABILITY = YES_AGGRESSIVE;
				CLANG_WARN_UNREACHABLE_CODE = YES;
				CLANG_WARN__DUPLICATE_METHOD_MATCH = YES;
				COPY_PHASE_STRIP = NO;
				DEBUG_INFORMATION_FORMAT = dwarf;
				ENABLE_STRICT_OBJC_MSGSEND = YES;
				ENABLE_TESTABILITY = YES;
				ENABLE_USER_SCRIPT_SANDBOXING = YES;
				GCC_C_LANGUAGE_STANDARD = gnu17;
				GCC_DYNAMIC_NO_PIC = NO;
				GCC_NO_COMMON_BLOCKS = YES;
				GCC_OPTIMIZATION_LEVEL = 0;
				GCC_PREPROCESSOR_DEFINITIONS = (
					"DEBUG=1",
					"$(inherited)",
				);
				GCC_WARN_64_TO_32_BIT_CONVERSION = YES;
				GCC_WARN_ABOUT_RETURN_TYPE = YES_ERROR;
				GCC_WARN_UNDECLARED_SELECTOR = YES;
				GCC_WARN_UNINITIALIZED_AUTOS = YES_AGGRESSIVE;
				GCC_WARN_UNUSED_FUNCTION = YES;
				GCC_WARN_UNUSED_VARIABLE = YES;
				LOCALIZATION_PREFERS_STRING_CATALOGS = YES;
				MTL_ENABLE_DEBUG_INFO = INCLUDE_SOURCE;
				MTL_FAST_MATH = YES;
				ONLY_ACTIVE_ARCH = YES;
				SWIFT_ACTIVE_COMPILATION_CONDITIONS = "DEBUG $(inherited)";
				SWIFT_OPTIMIZATION_LEVEL = "-Onone";
			};
			name = Debug;
		};
		D25548A62C2C7A470016A7C0 /* Release */ = {
			isa = XCBuildConfiguration;
			buildSettings = {
				ALWAYS_SEARCH_USER_PATHS = NO;
				ASSETCATALOG_COMPILER_GENERATE_SWIFT_ASSET_SYMBOL_EXTENSIONS = YES;
				CLANG_ANALYZER_NONNULL = YES;
				CLANG_ANALYZER_NUMBER_OBJECT_CONVERSION = YES_AGGRESSIVE;
				CLANG_CXX_LANGUAGE_STANDARD = "gnu++20";
				CLANG_ENABLE_MODULES = YES;
				CLANG_ENABLE_OBJC_ARC = YES;
				CLANG_ENABLE_OBJC_WEAK = YES;
				CLANG_WARN_BLOCK_CAPTURE_AUTORELEASING = YES;
				CLANG_WARN_BOOL_CONVERSION = YES;
				CLANG_WARN_COMMA = YES;
				CLANG_WARN_CONSTANT_CONVERSION = YES;
				CLANG_WARN_DEPRECATED_OBJC_IMPLEMENTATIONS = YES;
				CLANG_WARN_DIRECT_OBJC_ISA_USAGE = YES_ERROR;
				CLANG_WARN_DOCUMENTATION_COMMENTS = YES;
				CLANG_WARN_EMPTY_BODY = YES;
				CLANG_WARN_ENUM_CONVERSION = YES;
				CLANG_WARN_INFINITE_RECURSION = YES;
				CLANG_WARN_INT_CONVERSION = YES;
				CLANG_WARN_NON_LITERAL_NULL_CONVERSION = YES;
				CLANG_WARN_OBJC_IMPLICIT_RETAIN_SELF = YES;
				CLANG_WARN_OBJC_LITERAL_CONVERSION = YES;
				CLANG_WARN_OBJC_ROOT_CLASS = YES_ERROR;
				CLANG_WARN_QUOTED_INCLUDE_IN_FRAMEWORK_HEADER = YES;
				CLANG_WARN_RANGE_LOOP_ANALYSIS = YES;
				CLANG_WARN_STRICT_PROTOTYPES = YES;
				CLANG_WARN_SUSPICIOUS_MOVE = YES;
				CLANG_WARN_UNGUARDED_AVAILABILITY = YES_AGGRESSIVE;
				CLANG_WARN_UNREACHABLE_CODE = YES;
				CLANG_WARN__DUPLICATE_METHOD_MATCH = YES;
				COPY_PHASE_STRIP = NO;
				DEBUG_INFORMATION_FORMAT = "dwarf-with-dsym";
				ENABLE_NS_ASSERTIONS = NO;
				ENABLE_STRICT_OBJC_MSGSEND = YES;
				ENABLE_USER_SCRIPT_SANDBOXING = YES;
				GCC_C_LANGUAGE_STANDARD = gnu17;
				GCC_NO_COMMON_BLOCKS = YES;
				GCC_WARN_64_TO_32_BIT_CONVERSION = YES;
				GCC_WARN_ABOUT_RETURN_TYPE = YES_ERROR;
				GCC_WARN_UNDECLARED_SELECTOR = YES;
				GCC_WARN_UNINITIALIZED_AUTOS = YES_AGGRESSIVE;
				GCC_WARN_UNUSED_FUNCTION = YES;
				GCC_WARN_UNUSED_VARIABLE = YES;
				LOCALIZATION_PREFERS_STRING_CATALOGS = YES;
				MTL_ENABLE_DEBUG_INFO = NO;
				MTL_FAST_MATH = YES;
				SWIFT_COMPILATION_MODE = wholemodule;
			};
			name = Release;
		};
		D25548A82C2C7A470016A7C0 /* Debug */ = {
			isa = XCBuildConfiguration;
			buildSettings = {
				ASSETCATALOG_COMPILER_APPICON_NAME = AppIcon;
				ASSETCATALOG_COMPILER_GLOBAL_ACCENT_COLOR_NAME = AccentColor;
				CODE_SIGN_ENTITLEMENTS = HiLobaNote/HiLobaNote.entitlements;
				CODE_SIGN_STYLE = Automatic;
				CURRENT_PROJECT_VERSION = 1;
				DEVELOPMENT_ASSET_PATHS = "\"HiLobaNote/Preview Content\"";
				ENABLE_PREVIEWS = YES;
				GENERATE_INFOPLIST_FILE = YES;
				"INFOPLIST_KEY_UIApplicationSceneManifest_Generation[sdk=iphoneos*]" = YES;
				"INFOPLIST_KEY_UIApplicationSceneManifest_Generation[sdk=iphonesimulator*]" = YES;
				"INFOPLIST_KEY_UIApplicationSupportsIndirectInputEvents[sdk=iphoneos*]" = YES;
				"INFOPLIST_KEY_UIApplicationSupportsIndirectInputEvents[sdk=iphonesimulator*]" = YES;
				"INFOPLIST_KEY_UILaunchScreen_Generation[sdk=iphoneos*]" = YES;
				"INFOPLIST_KEY_UILaunchScreen_Generation[sdk=iphonesimulator*]" = YES;
				"INFOPLIST_KEY_UIStatusBarStyle[sdk=iphoneos*]" = UIStatusBarStyleDefault;
				"INFOPLIST_KEY_UIStatusBarStyle[sdk=iphonesimulator*]" = UIStatusBarStyleDefault;
				INFOPLIST_KEY_UISupportedInterfaceOrientations_iPad = "UIInterfaceOrientationPortrait UIInterfaceOrientationPortraitUpsideDown UIInterfaceOrientationLandscapeLeft UIInterfaceOrientationLandscapeRight";
				INFOPLIST_KEY_UISupportedInterfaceOrientations_iPhone = "UIInterfaceOrientationPortrait UIInterfaceOrientationLandscapeLeft UIInterfaceOrientationLandscapeRight";
				IPHONEOS_DEPLOYMENT_TARGET = 16.0;
				LD_RUNPATH_SEARCH_PATHS = "@executable_path/Frameworks";
				"LD_RUNPATH_SEARCH_PATHS[sdk=macosx*]" = "@executable_path/../Frameworks";
				MACOSX_DEPLOYMENT_TARGET = 14.1;
				MARKETING_VERSION = 1.0;
				PRODUCT_BUNDLE_IDENTIFIER = com.hellohidi.HiLobaNote;
				PRODUCT_NAME = "$(TARGET_NAME)";
				SDKROOT = auto;
				SUPPORTED_PLATFORMS = "iphoneos iphonesimulator macosx";
				SWIFT_EMIT_LOC_STRINGS = YES;
				SWIFT_VERSION = 5.0;
				TARGETED_DEVICE_FAMILY = "1,2";
			};
			name = Debug;
		};
		D25548A92C2C7A470016A7C0 /* Release */ = {
			isa = XCBuildConfiguration;
			buildSettings = {
				ASSETCATALOG_COMPILER_APPICON_NAME = AppIcon;
				ASSETCATALOG_COMPILER_GLOBAL_ACCENT_COLOR_NAME = AccentColor;
				CODE_SIGN_ENTITLEMENTS = HiLobaNote/HiLobaNote.entitlements;
				CODE_SIGN_STYLE = Automatic;
				CURRENT_PROJECT_VERSION = 1;
				DEVELOPMENT_ASSET_PATHS = "\"HiLobaNote/Preview Content\"";
				ENABLE_PREVIEWS = YES;
				GENERATE_INFOPLIST_FILE = YES;
				"INFOPLIST_KEY_UIApplicationSceneManifest_Generation[sdk=iphoneos*]" = YES;
				"INFOPLIST_KEY_UIApplicationSceneManifest_Generation[sdk=iphonesimulator*]" = YES;
				"INFOPLIST_KEY_UIApplicationSupportsIndirectInputEvents[sdk=iphoneos*]" = YES;
				"INFOPLIST_KEY_UIApplicationSupportsIndirectInputEvents[sdk=iphonesimulator*]" = YES;
				"INFOPLIST_KEY_UILaunchScreen_Generation[sdk=iphoneos*]" = YES;
				"INFOPLIST_KEY_UILaunchScreen_Generation[sdk=iphonesimulator*]" = YES;
				"INFOPLIST_KEY_UIStatusBarStyle[sdk=iphoneos*]" = UIStatusBarStyleDefault;
				"INFOPLIST_KEY_UIStatusBarStyle[sdk=iphonesimulator*]" = UIStatusBarStyleDefault;
				INFOPLIST_KEY_UISupportedInterfaceOrientations_iPad = "UIInterfaceOrientationPortrait UIInterfaceOrientationPortraitUpsideDown UIInterfaceOrientationLandscapeLeft UIInterfaceOrientationLandscapeRight";
				INFOPLIST_KEY_UISupportedInterfaceOrientations_iPhone = "UIInterfaceOrientationPortrait UIInterfaceOrientationLandscapeLeft UIInterfaceOrientationLandscapeRight";
				IPHONEOS_DEPLOYMENT_TARGET = 16.0;
				LD_RUNPATH_SEARCH_PATHS = "@executable_path/Frameworks";
				"LD_RUNPATH_SEARCH_PATHS[sdk=macosx*]" = "@executable_path/../Frameworks";
				MACOSX_DEPLOYMENT_TARGET = 14.1;
				MARKETING_VERSION = 1.0;
				PRODUCT_BUNDLE_IDENTIFIER = com.hellohidi.HiLobaNote;
				PRODUCT_NAME = "$(TARGET_NAME)";
				SDKROOT = auto;
				SUPPORTED_PLATFORMS = "iphoneos iphonesimulator macosx";
				SWIFT_EMIT_LOC_STRINGS = YES;
				SWIFT_VERSION = 5.0;
				TARGETED_DEVICE_FAMILY = "1,2";
			};
			name = Release;
		};
/* End XCBuildConfiguration section */

/* Begin XCConfigurationList section */
		D25548932C2C7A450016A7C0 /* Build configuration list for PBXProject "HiLobaNote" */ = {
			isa = XCConfigurationList;
			buildConfigurations = (
				D25548A52C2C7A470016A7C0 /* Debug */,
				D25548A62C2C7A470016A7C0 /* Release */,
			);
			defaultConfigurationIsVisible = 0;
			defaultConfigurationName = Release;
		};
		D25548A72C2C7A470016A7C0 /* Build configuration list for PBXNativeTarget "HiLobaNote" */ = {
			isa = XCConfigurationList;
			buildConfigurations = (
				D25548A82C2C7A470016A7C0 /* Debug */,
				D25548A92C2C7A470016A7C0 /* Release */,
			);
			defaultConfigurationIsVisible = 0;
			defaultConfigurationName = Release;
		};
/* End XCConfigurationList section */
	};
	rootObject = D25548902C2C7A450016A7C0 /* Project object */;
}
